
Microsoft Visual Studio Solution File, Format Version 12.00
# Visual Studio 15
VisualStudioVersion = 15.0.27130.2010
MinimumVisualStudioVersion = 10.0.40219.1
Project("{FAE04EC0-301F-11D3-BF4B-00C04F79EFBC}") = "ExoticSpecies", "ExoticSpecies\ExoticSpecies.csproj", "{4CA0F009-AAE3-4714-AB61-05714670E175}"
EndProject
Project("{FAE04EC0-301F-11D3-BF4B-00C04F79EFBC}") = "ExoticSpeciesAws", "ExoticSpecies2\ExoticSpeciesAws.csproj", "{2F0CC03E-E60F-45D4-9E3E-47078B7A2019}"
EndProject
Global
	GlobalSection(SolutionConfigurationPlatforms) = preSolution
		Debug|Any CPU = Debug|Any CPU
		Release|Any CPU = Release|Any CPU
	EndGlobalSection
	GlobalSection(ProjectConfigurationPlatforms) = postSolution
		{4CA0F009-AAE3-4714-AB61-05714670E175}.Debug|Any CPU.ActiveCfg = Debug|Any CPU
		{4CA0F009-AAE3-4714-AB61-05714670E175}.Debug|Any CPU.Build.0 = Debug|Any CPU
		{4CA0F009-AAE3-4714-AB61-05714670E175}.Release|Any CPU.ActiveCfg = Release|Any CPU
		{4CA0F009-AAE3-4714-AB61-05714670E175}.Release|Any CPU.Build.0 = Release|Any CPU
		{2F0CC03E-E60F-45D4-9E3E-47078B7A2019}.Debug|Any CPU.ActiveCfg = Debug|Any CPU
		{2F0CC03E-E60F-45D4-9E3E-47078B7A2019}.Debug|Any CPU.Build.0 = Debug|Any CPU
		{2F0CC03E-E60F-45D4-9E3E-47078B7A2019}.Release|Any CPU.ActiveCfg = Release|Any CPU
		{2F0CC03E-E60F-45D4-9E3E-47078B7A2019}.Release|Any CPU.Build.0 = Release|Any CPU
	EndGlobalSection
	GlobalSection(SolutionProperties) = preSolution
		HideSolutionNode = FALSE
	EndGlobalSection
	GlobalSection(ExtensibilityGlobals) = postSolution
		SolutionGuid = {2A5C6692-58F3-4D25-8E27-E3E23D74EBE6}
	EndGlobalSection
EndGlobal
